
Microsoft Visual Studio Solution File, Format Version 12.00
# Visual Studio Version 16
VisualStudioVersion = 16.0.30002.166
MinimumVisualStudioVersion = 10.0.40219.1
Project("{FAE04EC0-301F-11D3-BF4B-00C04F79EFBC}") = "EFCodeFirst", "EFCodeFirst\EFCodeFirst.csproj", "{86D7C84C-4074-4724-A496-8918FE463696}"
EndProject
Project("{FAE04EC0-301F-11D3-BF4B-00C04F79EFBC}") = "EFCodeFirst.Data", "EFCodeFirst.Data\EFCodeFirst.Data.csproj", "{D3298216-13E7-498E-8DC3-880B1E1A81BF}"
EndProject
Project("{9A19103F-16F7-4668-BE54-9A1E7A4F7556}") = "EFCodeFirst.Entity", "EFCodeFirst.Entity\EFCodeFirst.Entity.csproj", "{CAF9C1CE-A7C4-4387-A60C-DCED16B0BB41}"
EndProject
Global
	GlobalSection(SolutionConfigurationPlatforms) = preSolution
		Debug|Any CPU = Debug|Any CPU
		Release|Any CPU = Release|Any CPU
	EndGlobalSection
	GlobalSection(ProjectConfigurationPlatforms) = postSolution
		{86D7C84C-4074-4724-A496-8918FE463696}.Debug|Any CPU.ActiveCfg = Debug|Any CPU
		{86D7C84C-4074-4724-A496-8918FE463696}.Debug|Any CPU.Build.0 = Debug|Any CPU
		{86D7C84C-4074-4724-A496-8918FE463696}.Release|Any CPU.ActiveCfg = Release|Any CPU
		{86D7C84C-4074-4724-A496-8918FE463696}.Release|Any CPU.Build.0 = Release|Any CPU
		{D3298216-13E7-498E-8DC3-880B1E1A81BF}.Debug|Any CPU.ActiveCfg = Debug|Any CPU
		{D3298216-13E7-498E-8DC3-880B1E1A81BF}.Debug|Any CPU.Build.0 = Debug|Any CPU
		{D3298216-13E7-498E-8DC3-880B1E1A81BF}.Release|Any CPU.ActiveCfg = Release|Any CPU
		{D3298216-13E7-498E-8DC3-880B1E1A81BF}.Release|Any CPU.Build.0 = Release|Any CPU
		{CAF9C1CE-A7C4-4387-A60C-DCED16B0BB41}.Debug|Any CPU.ActiveCfg = Debug|Any CPU
		{CAF9C1CE-A7C4-4387-A60C-DCED16B0BB41}.Debug|Any CPU.Build.0 = Debug|Any CPU
		{CAF9C1CE-A7C4-4387-A60C-DCED16B0BB41}.Release|Any CPU.ActiveCfg = Release|Any CPU
		{CAF9C1CE-A7C4-4387-A60C-DCED16B0BB41}.Release|Any CPU.Build.0 = Release|Any CPU
	EndGlobalSection
	GlobalSection(SolutionProperties) = preSolution
		HideSolutionNode = FALSE
	EndGlobalSection
	GlobalSection(ExtensibilityGlobals) = postSolution
		SolutionGuid = {E1EAAF96-8CA5-48FD-BEA4-524617CA6914}
	EndGlobalSection
EndGlobal
